{
  "name": "web-z80-ide",
  "version": "0.0.1",
  "lockfileVersion": 1,
  "requires": true,
  "dependencies": {
    "codemirror": {
      "version": "5.56.0",
      "resolved": "https://registry.npmjs.org/codemirror/-/codemirror-5.56.0.tgz",
      "integrity": "sha512-MfKVmYgifXjQpLSgpETuih7A7WTTIsxvKfSLGseTY5+qt0E1UD1wblZGM6WLenORo8sgmf+3X+WTe2WF7mufyw=="
    }
  }
}
